
Microsoft Visual Studio Solution File, Format Version 12.00
# Visual Studio Version 17
VisualStudioVersion = 17.5.33516.290
MinimumVisualStudioVersion = 10.0.40219.1
Project("{FAE04EC0-301F-11D3-BF4B-00C04F79EFBC}") = "FrmViewRecords", "OrganizationProfile\FrmViewRecords.csproj", "{FDC1B809-C82F-4998-9C0A-4DC80EE757DA}"
EndProject
Global
	GlobalSection(SolutionConfigurationPlatforms) = preSolution
		Debug|Any CPU = Debug|Any CPU
		Release|Any CPU = Release|Any CPU
	EndGlobalSection
	GlobalSection(ProjectConfigurationPlatforms) = postSolution
		{FDC1B809-C82F-4998-9C0A-4DC80EE757DA}.Debug|Any CPU.ActiveCfg = Debug|Any CPU
		{FDC1B809-C82F-4998-9C0A-4DC80EE757DA}.Debug|Any CPU.Build.0 = Debug|Any CPU
		{FDC1B809-C82F-4998-9C0A-4DC80EE757DA}.Release|Any CPU.ActiveCfg = Release|Any CPU
		{FDC1B809-C82F-4998-9C0A-4DC80EE757DA}.Release|Any CPU.Build.0 = Release|Any CPU
	EndGlobalSection
	GlobalSection(SolutionProperties) = preSolution
		HideSolutionNode = FALSE
	EndGlobalSection
	GlobalSection(ExtensibilityGlobals) = postSolution
		SolutionGuid = {D128D0C5-4368-487B-8112-9FEFE42DFC39}
	EndGlobalSection
EndGlobal
